// !$*UTF8*$!
{
	archiveVersion = 1;
	classes = {
	};
	objectVersion = 50;
	objects = {

/* Begin PBXBuildFile section */
		2C01275E244A3C130002A76A /* AppDelegate.swift in Sources */ = {isa = PBXBuildFile; fileRef = 2C01275D244A3C130002A76A /* AppDelegate.swift */; };
		2C012760244A3C130002A76A /* MainViewController.swift in Sources */ = {isa = PBXBuildFile; fileRef = 2C01275F244A3C130002A76A /* MainViewController.swift */; };
		2C012763244A3C130002A76A /* Main.storyboard in Resources */ = {isa = PBXBuildFile; fileRef = 2C012761244A3C130002A76A /* Main.storyboard */; };
		2C012765244A3C160002A76A /* Assets.xcassets in Resources */ = {isa = PBXBuildFile; fileRef = 2C012764244A3C160002A76A /* Assets.xcassets */; };
		2C012768244A3C160002A76A /* LaunchScreen.storyboard in Resources */ = {isa = PBXBuildFile; fileRef = 2C012766244A3C160002A76A /* LaunchScreen.storyboard */; };
		2C2677C9244A678900444A91 /* WeatherModel.swift in Sources */ = {isa = PBXBuildFile; fileRef = 2C2677C8244A678900444A91 /* WeatherModel.swift */; };
		2C29E43A244A545100CAF602 /* WeatherData.swift in Sources */ = {isa = PBXBuildFile; fileRef = 2C29E439244A545100CAF602 /* WeatherData.swift */; };
		2C29E43C244A54E700CAF602 /* WeatherManager.swift in Sources */ = {isa = PBXBuildFile; fileRef = 2C29E43B244A54E700CAF602 /* WeatherManager.swift */; };
		2C7556ED244BABA000CDD359 /* ImageData.swift in Sources */ = {isa = PBXBuildFile; fileRef = 2C7556EC244BABA000CDD359 /* ImageData.swift */; };
		2C7556EF244BABBA00CDD359 /* ImageModel.swift in Sources */ = {isa = PBXBuildFile; fileRef = 2C7556EE244BABBA00CDD359 /* ImageModel.swift */; };
		2C7556F1244BB9F300CDD359 /* ImageManager.swift in Sources */ = {isa = PBXBuildFile; fileRef = 2C7556F0244BB9F300CDD359 /* ImageManager.swift */; };
		2C7556F7244E1D4000CDD359 /* SearchViewController.swift in Sources */ = {isa = PBXBuildFile; fileRef = 2C7556F6244E1D4000CDD359 /* SearchViewController.swift */; };
/* End PBXBuildFile section */

/* Begin PBXFileReference section */
		2C01275A244A3C130002A76A /* Clima.app */ = {isa = PBXFileReference; explicitFileType = wrapper.application; includeInIndex = 0; path = Clima.app; sourceTree = BUILT_PRODUCTS_DIR; };
		2C01275D244A3C130002A76A /* AppDelegate.swift */ = {isa = PBXFileReference; lastKnownFileType = sourcecode.swift; path = AppDelegate.swift; sourceTree = "<group>"; };
		2C01275F244A3C130002A76A /* MainViewController.swift */ = {isa = PBXFileReference; lastKnownFileType = sourcecode.swift; path = MainViewController.swift; sourceTree = "<group>"; };
		2C012762244A3C130002A76A /* Base */ = {isa = PBXFileReference; lastKnownFileType = file.storyboard; name = Base; path = Base.lproj/Main.storyboard; sourceTree = "<group>"; };
		2C012764244A3C160002A76A /* Assets.xcassets */ = {isa = PBXFileReference; lastKnownFileType = folder.assetcatalog; path = Assets.xcassets; sourceTree = "<group>"; };
		2C012767244A3C160002A76A /* Base */ = {isa = PBXFileReference; lastKnownFileType = file.storyboard; name = Base; path = Base.lproj/LaunchScreen.storyboard; sourceTree = "<group>"; };
		2C012769244A3C160002A76A /* Info.plist */ = {isa = PBXFileReference; lastKnownFileType = text.plist.xml; path = Info.plist; sourceTree = "<group>"; };
		2C2677C8244A678900444A91 /* WeatherModel.swift */ = {isa = PBXFileReference; lastKnownFileType = sourcecode.swift; path = WeatherModel.swift; sourceTree = "<group>"; };
		2C29E439244A545100CAF602 /* WeatherData.swift */ = {isa = PBXFileReference; lastKnownFileType = sourcecode.swift; path = WeatherData.swift; sourceTree = "<group>"; };
		2C29E43B244A54E700CAF602 /* WeatherManager.swift */ = {isa = PBXFileReference; lastKnownFileType = sourcecode.swift; path = WeatherManager.swift; sourceTree = "<group>"; };
		2C7556EC244BABA000CDD359 /* ImageData.swift */ = {isa = PBXFileReference; lastKnownFileType = sourcecode.swift; path = ImageData.swift; sourceTree = "<group>"; };
		2C7556EE244BABBA00CDD359 /* ImageModel.swift */ = {isa = PBXFileReference; lastKnownFileType = sourcecode.swift; path = ImageModel.swift; sourceTree = "<group>"; };
		2C7556F0244BB9F300CDD359 /* ImageManager.swift */ = {isa = PBXFileReference; lastKnownFileType = sourcecode.swift; path = ImageManager.swift; sourceTree = "<group>"; };
		2C7556F2244CCBBA00CDD359 /* Portland.gpx */ = {isa = PBXFileReference; lastKnownFileType = text.xml; path = Portland.gpx; sourceTree = "<group>"; };
		2C7556F3244CDC0900CDD359 /* Portland.gpx */ = {isa = PBXFileReference; lastKnownFileType = text.xml; name = Portland.gpx; path = WeatherApp/Portland.gpx; sourceTree = "<group>"; };
		2C7556F6244E1D4000CDD359 /* SearchViewController.swift */ = {isa = PBXFileReference; lastKnownFileType = sourcecode.swift; path = SearchViewController.swift; sourceTree = "<group>"; };
/* End PBXFileReference section */

/* Begin PBXFrameworksBuildPhase section */
		2C012757244A3C130002A76A /* Frameworks */ = {
			isa = PBXFrameworksBuildPhase;
			buildActionMask = 2147483647;
			files = (
			);
			runOnlyForDeploymentPostprocessing = 0;
		};
/* End PBXFrameworksBuildPhase section */

/* Begin PBXGroup section */
		2C012751244A3C130002A76A = {
			isa = PBXGroup;
			children = (
				2C7556F3244CDC0900CDD359 /* Portland.gpx */,
				2C01275C244A3C130002A76A /* WeatherApp */,
				2C01275B244A3C130002A76A /* Products */,
			);
			sourceTree = "<group>";
		};
		2C01275B244A3C130002A76A /* Products */ = {
			isa = PBXGroup;
			children = (
				2C01275A244A3C130002A76A /* Clima.app */,
			);
			name = Products;
			sourceTree = "<group>";
		};
		2C01275C244A3C130002A76A /* WeatherApp */ = {
			isa = PBXGroup;
			children = (
				2C29E436244A53B700CAF602 /* Model */,
				2C29E437244A53C100CAF602 /* Views */,
				2C29E438244A541200CAF602 /* Controller */,
				2C01275D244A3C130002A76A /* AppDelegate.swift */,
				2C012764244A3C160002A76A /* Assets.xcassets */,
				2C012766244A3C160002A76A /* LaunchScreen.storyboard */,
				2C012769244A3C160002A76A /* Info.plist */,
				2C7556F2244CCBBA00CDD359 /* Portland.gpx */,
			);
			path = WeatherApp;
			sourceTree = "<group>";
		};
		2C29E436244A53B700CAF602 /* Model */ = {
			isa = PBXGroup;
			children = (
				2C7556EC244BABA000CDD359 /* ImageData.swift */,
				2C7556EE244BABBA00CDD359 /* ImageModel.swift */,
				2C7556F0244BB9F300CDD359 /* ImageManager.swift */,
				2C29E439244A545100CAF602 /* WeatherData.swift */,
				2C29E43B244A54E700CAF602 /* WeatherManager.swift */,
				2C2677C8244A678900444A91 /* WeatherModel.swift */,
			);
			path = Model;
			sourceTree = "<group>";
		};
		2C29E437244A53C100CAF602 /* Views */ = {
			isa = PBXGroup;
			children = (
				2C012761244A3C130002A76A /* Main.storyboard */,
			);
			path = Views;
			sourceTree = "<group>";
		};
		2C29E438244A541200CAF602 /* Controller */ = {
			isa = PBXGroup;
			children = (
				2C01275F244A3C130002A76A /* MainViewController.swift */,
				2C7556F6244E1D4000CDD359 /* SearchViewController.swift */,
			);
			path = Controller;
			sourceTree = "<group>";
		};
/* End PBXGroup section */

/* Begin PBXNativeTarget section */
		2C012759244A3C130002A76A /* WeatherApp */ = {
			isa = PBXNativeTarget;
			buildConfigurationList = 2C01276C244A3C160002A76A /* Build configuration list for PBXNativeTarget "WeatherApp" */;
			buildPhases = (
				2C012756244A3C130002A76A /* Sources */,
				2C012757244A3C130002A76A /* Frameworks */,
				2C012758244A3C130002A76A /* Resources */,
			);
			buildRules = (
			);
			dependencies = (
			);
			name = WeatherApp;
			productName = WeatherApp;
			productReference = 2C01275A244A3C130002A76A /* Clima.app */;
			productType = "com.apple.product-type.application";
		};
/* End PBXNativeTarget section */

/* Begin PBXProject section */
		2C012752244A3C130002A76A /* Project object */ = {
			isa = PBXProject;
			attributes = {
				LastSwiftUpdateCheck = 1140;
				LastUpgradeCheck = 1140;
				ORGANIZATIONNAME = "Josh Mabry";
				TargetAttributes = {
					2C012759244A3C130002A76A = {
						CreatedOnToolsVersion = 11.4;
					};
				};
			};
			buildConfigurationList = 2C012755244A3C130002A76A /* Build configuration list for PBXProject "WeatherApp" */;
			compatibilityVersion = "Xcode 9.3";
			developmentRegion = en;
			hasScannedForEncodings = 0;
			knownRegions = (
				en,
				Base,
			);
			mainGroup = 2C012751244A3C130002A76A;
			productRefGroup = 2C01275B244A3C130002A76A /* Products */;
			projectDirPath = "";
			projectRoot = "";
			targets = (
				2C012759244A3C130002A76A /* WeatherApp */,
			);
		};
/* End PBXProject section */

/* Begin PBXResourcesBuildPhase section */
		2C012758244A3C130002A76A /* Resources */ = {
			isa = PBXResourcesBuildPhase;
			buildActionMask = 2147483647;
			files = (
				2C012768244A3C160002A76A /* LaunchScreen.storyboard in Resources */,
				2C012765244A3C160002A76A /* Assets.xcassets in Resources */,
				2C012763244A3C130002A76A /* Main.storyboard in Resources */,
			);
			runOnlyForDeploymentPostprocessing = 0;
		};
/* End PBXResourcesBuildPhase section */

/* Begin PBXSourcesBuildPhase section */
		2C012756244A3C130002A76A /* Sources */ = {
			isa = PBXSourcesBuildPhase;
			buildActionMask = 2147483647;
			files = (
				2C012760244A3C130002A76A /* MainViewController.swift in Sources */,
				2C29E43A244A545100CAF602 /* WeatherData.swift in Sources */,
				2C29E43C244A54E700CAF602 /* WeatherManager.swift in Sources */,
				2C7556F7244E1D4000CDD359 /* SearchViewController.swift in Sources */,
				2C7556F1244BB9F300CDD359 /* ImageManager.swift in Sources */,
				2C01275E244A3C130002A76A /* AppDelegate.swift in Sources */,
				2C2677C9244A678900444A91 /* WeatherModel.swift in Sources */,
				2C7556ED244BABA000CDD359 /* ImageData.swift in Sources */,
				2C7556EF244BABBA00CDD359 /* ImageModel.swift in Sources */,
			);
			runOnlyForDeploymentPostprocessing = 0;
		};
/* End PBXSourcesBuildPhase section */

/* Begin PBXVariantGroup section */
		2C012761244A3C130002A76A /* Main.storyboard */ = {
			isa = PBXVariantGroup;
			children = (
				2C012762244A3C130002A76A /* Base */,
			);
			name = Main.storyboard;
			sourceTree = "<group>";
		};
		2C012766244A3C160002A76A /* LaunchScreen.storyboard */ = {
			isa = PBXVariantGroup;
			children = (
				2C012767244A3C160002A76A /* Base */,
			);
			name = LaunchScreen.storyboard;
			sourceTree = "<group>";
		};
/* End PBXVariantGroup section */

/* Begin XCBuildConfiguration section */
		2C01276A244A3C160002A76A /* Debug */ = {
			isa = XCBuildConfiguration;
			buildSettings = {
				ALWAYS_SEARCH_USER_PATHS = NO;
				CLANG_ANALYZER_NONNULL = YES;
				CLANG_ANALYZER_NUMBER_OBJECT_CONVERSION = YES_AGGRESSIVE;
				CLANG_CXX_LANGUAGE_STANDARD = "gnu++14";
				CLANG_CXX_LIBRARY = "libc++";
				CLANG_ENABLE_MODULES = YES;
				CLANG_ENABLE_OBJC_ARC = YES;
				CLANG_ENABLE_OBJC_WEAK = YES;
				CLANG_WARN_BLOCK_CAPTURE_AUTORELEASING = YES;
				CLANG_WARN_BOOL_CONVERSION = YES;
				CLANG_WARN_COMMA = YES;
				CLANG_WARN_CONSTANT_CONVERSION = YES;
				CLANG_WARN_DEPRECATED_OBJC_IMPLEMENTATIONS = YES;
				CLANG_WARN_DIRECT_OBJC_ISA_USAGE = YES_ERROR;
				CLANG_WARN_DOCUMENTATION_COMMENTS = YES;
				CLANG_WARN_EMPTY_BODY = YES;
				CLANG_WARN_ENUM_CONVERSION = YES;
				CLANG_WARN_INFINITE_RECURSION = YES;
				CLANG_WARN_INT_CONVERSION = YES;
				CLANG_WARN_NON_LITERAL_NULL_CONVERSION = YES;
				CLANG_WARN_OBJC_IMPLICIT_RETAIN_SELF = YES;
				CLANG_WARN_OBJC_LITERAL_CONVERSION = YES;
				CLANG_WARN_OBJC_ROOT_CLASS = YES_ERROR;
				CLANG_WARN_RANGE_LOOP_ANALYSIS = YES;
				CLANG_WARN_STRICT_PROTOTYPES = YES;
				CLANG_WARN_SUSPICIOUS_MOVE = YES;
				CLANG_WARN_UNGUARDED_AVAILABILITY = YES_AGGRESSIVE;
				CLANG_WARN_UNREACHABLE_CODE = YES;
				CLANG_WARN__DUPLICATE_METHOD_MATCH = YES;
				COPY_PHASE_STRIP = NO;
				DEBUG_INFORMATION_FORMAT = dwarf;
				ENABLE_STRICT_OBJC_MSGSEND = YES;
				ENABLE_TESTABILITY = YES;
				GCC_C_LANGUAGE_STANDARD = gnu11;
				GCC_DYNAMIC_NO_PIC = NO;
				GCC_NO_COMMON_BLOCKS = YES;
				GCC_OPTIMIZATION_LEVEL = 0;
				GCC_PREPROCESSOR_DEFINITIONS = (
					"DEBUG=1",
					"$(inherited)",
				);
				GCC_WARN_64_TO_32_BIT_CONVERSION = YES;
				GCC_WARN_ABOUT_RETURN_TYPE = YES_ERROR;
				GCC_WARN_UNDECLARED_SELECTOR = YES;
				GCC_WARN_UNINITIALIZED_AUTOS = YES_AGGRESSIVE;
				GCC_WARN_UNUSED_FUNCTION = YES;
				GCC_WARN_UNUSED_VARIABLE = YES;
				MTL_ENABLE_DEBUG_INFO = INCLUDE_SOURCE;
				MTL_FAST_MATH = YES;
				ONLY_ACTIVE_ARCH = YES;
				SDKROOT = appletvos;
				SWIFT_ACTIVE_COMPILATION_CONDITIONS = DEBUG;
				SWIFT_OPTIMIZATION_LEVEL = "-Onone";
				TVOS_DEPLOYMENT_TARGET = 13.4;
			};
			name = Debug;
		};
		2C01276B244A3C160002A76A /* Release */ = {
			isa = XCBuildConfiguration;
			buildSettings = {
				ALWAYS_SEARCH_USER_PATHS = NO;
				CLANG_ANALYZER_NONNULL = YES;
				CLANG_ANALYZER_NUMBER_OBJECT_CONVERSION = YES_AGGRESSIVE;
				CLANG_CXX_LANGUAGE_STANDARD = "gnu++14";
				CLANG_CXX_LIBRARY = "libc++";
				CLANG_ENABLE_MODULES = YES;
				CLANG_ENABLE_OBJC_ARC = YES;
				CLANG_ENABLE_OBJC_WEAK = YES;
				CLANG_WARN_BLOCK_CAPTURE_AUTORELEASING = YES;
				CLANG_WARN_BOOL_CONVERSION = YES;
				CLANG_WARN_COMMA = YES;
				CLANG_WARN_CONSTANT_CONVERSION = YES;
				CLANG_WARN_DEPRECATED_OBJC_IMPLEMENTATIONS = YES;
				CLANG_WARN_DIRECT_OBJC_ISA_USAGE = YES_ERROR;
				CLANG_WARN_DOCUMENTATION_COMMENTS = YES;
				CLANG_WARN_EMPTY_BODY = YES;
				CLANG_WARN_ENUM_CONVERSION = YES;
				CLANG_WARN_INFINITE_RECURSION = YES;
				CLANG_WARN_INT_CONVERSION = YES;
				CLANG_WARN_NON_LITERAL_NULL_CONVERSION = YES;
				CLANG_WARN_OBJC_IMPLICIT_RETAIN_SELF = YES;
				CLANG_WARN_OBJC_LITERAL_CONVERSION = YES;
				CLANG_WARN_OBJC_ROOT_CLASS = YES_ERROR;
				CLANG_WARN_RANGE_LOOP_ANALYSIS = YES;
				CLANG_WARN_STRICT_PROTOTYPES = YES;
				CLANG_WARN_SUSPICIOUS_MOVE = YES;
				CLANG_WARN_UNGUARDED_AVAILABILITY = YES_AGGRESSIVE;
				CLANG_WARN_UNREACHABLE_CODE = YES;
				CLANG_WARN__DUPLICATE_METHOD_MATCH = YES;
				COPY_PHASE_STRIP = NO;
				DEBUG_INFORMATION_FORMAT = "dwarf-with-dsym";
				ENABLE_NS_ASSERTIONS = NO;
				ENABLE_STRICT_OBJC_MSGSEND = YES;
				GCC_C_LANGUAGE_STANDARD = gnu11;
				GCC_NO_COMMON_BLOCKS = YES;
				GCC_WARN_64_TO_32_BIT_CONVERSION = YES;
				GCC_WARN_ABOUT_RETURN_TYPE = YES_ERROR;
				GCC_WARN_UNDECLARED_SELECTOR = YES;
				GCC_WARN_UNINITIALIZED_AUTOS = YES_AGGRESSIVE;
				GCC_WARN_UNUSED_FUNCTION = YES;
				GCC_WARN_UNUSED_VARIABLE = YES;
				MTL_ENABLE_DEBUG_INFO = NO;
				MTL_FAST_MATH = YES;
				SDKROOT = appletvos;
				SWIFT_COMPILATION_MODE = wholemodule;
				SWIFT_OPTIMIZATION_LEVEL = "-O";
				TVOS_DEPLOYMENT_TARGET = 13.4;
				VALIDATE_PRODUCT = YES;
			};
			name = Release;
		};
		2C01276D244A3C160002A76A /* Debug */ = {
			isa = XCBuildConfiguration;
			buildSettings = {
				ASSETCATALOG_COMPILER_APPICON_NAME = "App Icon & Top Shelf Image";
				CODE_SIGN_STYLE = Automatic;
				DEVELOPMENT_TEAM = 29A6U8MPB5;
				INFOPLIST_FILE = WeatherApp/Info.plist;
				LD_RUNPATH_SEARCH_PATHS = (
					"$(inherited)",
					"@executable_path/Frameworks",
				);
				PRODUCT_BUNDLE_IDENTIFIER = com.mabrycodes.WeatherApp;
				PRODUCT_NAME = Clima;
				SWIFT_VERSION = 5.0;
				TARGETED_DEVICE_FAMILY = 3;
			};
			name = Debug;
		};
		2C01276E244A3C160002A76A /* Release */ = {
			isa = XCBuildConfiguration;
			buildSettings = {
				ASSETCATALOG_COMPILER_APPICON_NAME = "App Icon & Top Shelf Image";
				CODE_SIGN_STYLE = Automatic;
				DEVELOPMENT_TEAM = 29A6U8MPB5;
				INFOPLIST_FILE = WeatherApp/Info.plist;
				LD_RUNPATH_SEARCH_PATHS = (
					"$(inherited)",
					"@executable_path/Frameworks",
				);
				PRODUCT_BUNDLE_IDENTIFIER = com.mabrycodes.WeatherApp;
				PRODUCT_NAME = Clima;
				SWIFT_VERSION = 5.0;
				TARGETED_DEVICE_FAMILY = 3;
			};
			name = Release;
		};
/* End XCBuildConfiguration section */

/* Begin XCConfigurationList section */
		2C012755244A3C130002A76A /* Build configuration list for PBXProject "WeatherApp" */ = {
			isa = XCConfigurationList;
			buildConfigurations = (
				2C01276A244A3C160002A76A /* Debug */,
				2C01276B244A3C160002A76A /* Release */,
			);
			defaultConfigurationIsVisible = 0;
			defaultConfigurationName = Release;
		};
		2C01276C244A3C160002A76A /* Build configuration list for PBXNativeTarget "WeatherApp" */ = {
			isa = XCConfigurationList;
			buildConfigurations = (
				2C01276D244A3C160002A76A /* Debug */,
				2C01276E244A3C160002A76A /* Release */,
			);
			defaultConfigurationIsVisible = 0;
			defaultConfigurationName = Release;
		};
/* End XCConfigurationList section */
	};
	rootObject = 2C012752244A3C130002A76A /* Project object */;
}
